{
  "object": {
    "pins": [
      {
        "package": "Consumer",
        "repositoryURL": "https://github.com/nicklockwood/Consumer.git",
        "state": {
          "branch": null,
          "revision": "edd5f97cded19baca7bb47867abc0ab736ac7481",
          "version": "0.3.4"
        }
      }
    ]
  },
  "version": 1
}
