{
  "object": {
    "pins": [
      {
        "package": "Consumer",
        "repositoryURL": "https://github.com/nicklockwood/Consumer.git",
        "state": {
          "branch": null,
          "revision": "dc1641b218b6f74c4912f387eddf1af12757096f",
          "version": "0.3.3"
        }
      }
    ]
  },
  "version": 1
}
